
Microsoft Visual Studio Solution File, Format Version 12.00
# Visual Studio Version 16
VisualStudioVersion = 16.0.29709.97
MinimumVisualStudioVersion = 10.0.40219.1
Project("{FAE04EC0-301F-11D3-BF4B-00C04F79EFBC}") = "WhiteboardChallenges2", "WhiteboardChallenges2\WhiteboardChallenges2.csproj", "{13951DE7-AA10-45A7-9FFA-227FD938317C}"
EndProject
Global
	GlobalSection(SolutionConfigurationPlatforms) = preSolution
		Debug|Any CPU = Debug|Any CPU
		Release|Any CPU = Release|Any CPU
	EndGlobalSection
	GlobalSection(ProjectConfigurationPlatforms) = postSolution
		{13951DE7-AA10-45A7-9FFA-227FD938317C}.Debug|Any CPU.ActiveCfg = Debug|Any CPU
		{13951DE7-AA10-45A7-9FFA-227FD938317C}.Debug|Any CPU.Build.0 = Debug|Any CPU
		{13951DE7-AA10-45A7-9FFA-227FD938317C}.Release|Any CPU.ActiveCfg = Release|Any CPU
		{13951DE7-AA10-45A7-9FFA-227FD938317C}.Release|Any CPU.Build.0 = Release|Any CPU
	EndGlobalSection
	GlobalSection(SolutionProperties) = preSolution
		HideSolutionNode = FALSE
	EndGlobalSection
	GlobalSection(ExtensibilityGlobals) = postSolution
		SolutionGuid = {0CE7946D-40EF-4AEA-96F3-DE428AD60C60}
	EndGlobalSection
EndGlobal
